// !$*UTF8*$!
{
	archiveVersion = 1;
	classes = {
	};
	objectVersion = 46;
	objects = {

/* Begin PBXBuildFile section */
		3DCF77131F30209B00567DFA /* AppDelegate.swift in Sources */ = {isa = PBXBuildFile; fileRef = 3DCF77121F30209B00567DFA /* AppDelegate.swift */; };
		3DCF77151F30209B00567DFA /* ViewController.swift in Sources */ = {isa = PBXBuildFile; fileRef = 3DCF77141F30209B00567DFA /* ViewController.swift */; };
		3DCF77181F30209B00567DFA /* Main.storyboard in Resources */ = {isa = PBXBuildFile; fileRef = 3DCF77161F30209B00567DFA /* Main.storyboard */; };
		3DCF771A1F30209B00567DFA /* Assets.xcassets in Resources */ = {isa = PBXBuildFile; fileRef = 3DCF77191F30209B00567DFA /* Assets.xcassets */; };
		3DCF771D1F30209B00567DFA /* LaunchScreen.storyboard in Resources */ = {isa = PBXBuildFile; fileRef = 3DCF771B1F30209B00567DFA /* LaunchScreen.storyboard */; };
		3DCF77281F30209B00567DFA /* SwiftTestTests.swift in Sources */ = {isa = PBXBuildFile; fileRef = 3DCF77271F30209B00567DFA /* SwiftTestTests.swift */; };
		3DCF77331F30209B00567DFA /* SwiftTestUITests.swift in Sources */ = {isa = PBXBuildFile; fileRef = 3DCF77321F30209B00567DFA /* SwiftTestUITests.swift */; };
		3DCF77411F30218A00567DFA /* XLTestObject.swift in Sources */ = {isa = PBXBuildFile; fileRef = 3DCF77401F30218A00567DFA /* XLTestObject.swift */; };
/* End PBXBuildFile section */

/* Begin PBXContainerItemProxy section */
		3DCF77241F30209B00567DFA /* PBXContainerItemProxy */ = {
			isa = PBXContainerItemProxy;
			containerPortal = 3DCF77071F30209B00567DFA /* Project object */;
			proxyType = 1;
			remoteGlobalIDString = 3DCF770E1F30209B00567DFA;
			remoteInfo = SwiftTest;
		};
		3DCF772F1F30209B00567DFA /* PBXContainerItemProxy */ = {
			isa = PBXContainerItemProxy;
			containerPortal = 3DCF77071F30209B00567DFA /* Project object */;
			proxyType = 1;
			remoteGlobalIDString = 3DCF770E1F30209B00567DFA;
			remoteInfo = SwiftTest;
		};
/* End PBXContainerItemProxy section */

/* Begin PBXFileReference section */
		3DCF770F1F30209B00567DFA /* SwiftTest.app */ = {isa = PBXFileReference; explicitFileType = wrapper.application; includeInIndex = 0; path = SwiftTest.app; sourceTree = BUILT_PRODUCTS_DIR; };
		3DCF77121F30209B00567DFA /* AppDelegate.swift */ = {isa = PBXFileReference; lastKnownFileType = sourcecode.swift; path = AppDelegate.swift; sourceTree = "<group>"; };
		3DCF77141F30209B00567DFA /* ViewController.swift */ = {isa = PBXFileReference; lastKnownFileType = sourcecode.swift; path = ViewController.swift; sourceTree = "<group>"; };
		3DCF77171F30209B00567DFA /* Base */ = {isa = PBXFileReference; lastKnownFileType = file.storyboard; name = Base; path = Base.lproj/Main.storyboard; sourceTree = "<group>"; };
		3DCF77191F30209B00567DFA /* Assets.xcassets */ = {isa = PBXFileReference; lastKnownFileType = folder.assetcatalog; path = Assets.xcassets; sourceTree = "<group>"; };
		3DCF771C1F30209B00567DFA /* Base */ = {isa = PBXFileReference; lastKnownFileType = file.storyboard; name = Base; path = Base.lproj/LaunchScreen.storyboard; sourceTree = "<group>"; };
		3DCF771E1F30209B00567DFA /* Info.plist */ = {isa = PBXFileReference; lastKnownFileType = text.plist.xml; path = Info.plist; sourceTree = "<group>"; };
		3DCF77231F30209B00567DFA /* SwiftTestTests.xctest */ = {isa = PBXFileReference; explicitFileType = wrapper.cfbundle; includeInIndex = 0; path = SwiftTestTests.xctest; sourceTree = BUILT_PRODUCTS_DIR; };
		3DCF77271F30209B00567DFA /* SwiftTestTests.swift */ = {isa = PBXFileReference; lastKnownFileType = sourcecode.swift; path = SwiftTestTests.swift; sourceTree = "<group>"; };
		3DCF77291F30209B00567DFA /* Info.plist */ = {isa = PBXFileReference; lastKnownFileType = text.plist.xml; path = Info.plist; sourceTree = "<group>"; };
		3DCF772E1F30209B00567DFA /* SwiftTestUITests.xctest */ = {isa = PBXFileReference; explicitFileType = wrapper.cfbundle; includeInIndex = 0; path = SwiftTestUITests.xctest; sourceTree = BUILT_PRODUCTS_DIR; };
		3DCF77321F30209B00567DFA /* SwiftTestUITests.swift */ = {isa = PBXFileReference; lastKnownFileType = sourcecode.swift; path = SwiftTestUITests.swift; sourceTree = "<group>"; };
		3DCF77341F30209B00567DFA /* Info.plist */ = {isa = PBXFileReference; lastKnownFileType = text.plist.xml; path = Info.plist; sourceTree = "<group>"; };
		3DCF77401F30218A00567DFA /* XLTestObject.swift */ = {isa = PBXFileReference; fileEncoding = 4; lastKnownFileType = sourcecode.swift; path = XLTestObject.swift; sourceTree = "<group>"; };
/* End PBXFileReference section */

/* Begin PBXFrameworksBuildPhase section */
		3DCF770C1F30209B00567DFA /* Frameworks */ = {
			isa = PBXFrameworksBuildPhase;
			buildActionMask = 2147483647;
			files = (
			);
			runOnlyForDeploymentPostprocessing = 0;
		};
		3DCF77201F30209B00567DFA /* Frameworks */ = {
			isa = PBXFrameworksBuildPhase;
			buildActionMask = 2147483647;
			files = (
			);
			runOnlyForDeploymentPostprocessing = 0;
		};
		3DCF772B1F30209B00567DFA /* Frameworks */ = {
			isa = PBXFrameworksBuildPhase;
			buildActionMask = 2147483647;
			files = (
			);
			runOnlyForDeploymentPostprocessing = 0;
		};
/* End PBXFrameworksBuildPhase section */

/* Begin PBXGroup section */
		3DCF77061F30209B00567DFA = {
			isa = PBXGroup;
			children = (
				3DCF77111F30209B00567DFA /* SwiftTest */,
				3DCF77261F30209B00567DFA /* SwiftTestTests */,
				3DCF77311F30209B00567DFA /* SwiftTestUITests */,
				3DCF77101F30209B00567DFA /* Products */,
			);
			sourceTree = "<group>";
		};
		3DCF77101F30209B00567DFA /* Products */ = {
			isa = PBXGroup;
			children = (
				3DCF770F1F30209B00567DFA /* SwiftTest.app */,
				3DCF77231F30209B00567DFA /* SwiftTestTests.xctest */,
				3DCF772E1F30209B00567DFA /* SwiftTestUITests.xctest */,
			);
			name = Products;
			sourceTree = "<group>";
		};
		3DCF77111F30209B00567DFA /* SwiftTest */ = {
			isa = PBXGroup;
			children = (
				3DCF77121F30209B00567DFA /* AppDelegate.swift */,
				3DCF77141F30209B00567DFA /* ViewController.swift */,
				3DCF77161F30209B00567DFA /* Main.storyboard */,
				3DCF77191F30209B00567DFA /* Assets.xcassets */,
				3DCF771B1F30209B00567DFA /* LaunchScreen.storyboard */,
				3DCF771E1F30209B00567DFA /* Info.plist */,
				3DCF77401F30218A00567DFA /* XLTestObject.swift */,
			);
			path = SwiftTest;
			sourceTree = "<group>";
		};
		3DCF77261F30209B00567DFA /* SwiftTestTests */ = {
			isa = PBXGroup;
			children = (
				3DCF77271F30209B00567DFA /* SwiftTestTests.swift */,
				3DCF77291F30209B00567DFA /* Info.plist */,
			);
			path = SwiftTestTests;
			sourceTree = "<group>";
		};
		3DCF77311F30209B00567DFA /* SwiftTestUITests */ = {
			isa = PBXGroup;
			children = (
				3DCF77321F30209B00567DFA /* SwiftTestUITests.swift */,
				3DCF77341F30209B00567DFA /* Info.plist */,
			);
			path = SwiftTestUITests;
			sourceTree = "<group>";
		};
/* End PBXGroup section */

/* Begin PBXNativeTarget section */
		3DCF770E1F30209B00567DFA /* SwiftTest */ = {
			isa = PBXNativeTarget;
			buildConfigurationList = 3DCF77371F30209B00567DFA /* Build configuration list for PBXNativeTarget "SwiftTest" */;
			buildPhases = (
				3DCF770B1F30209B00567DFA /* Sources */,
				3DCF770C1F30209B00567DFA /* Frameworks */,
				3DCF770D1F30209B00567DFA /* Resources */,
			);
			buildRules = (
			);
			dependencies = (
			);
			name = SwiftTest;
			productName = SwiftTest;
			productReference = 3DCF770F1F30209B00567DFA /* SwiftTest.app */;
			productType = "com.apple.product-type.application";
		};
		3DCF77221F30209B00567DFA /* SwiftTestTests */ = {
			isa = PBXNativeTarget;
			buildConfigurationList = 3DCF773A1F30209B00567DFA /* Build configuration list for PBXNativeTarget "SwiftTestTests" */;
			buildPhases = (
				3DCF771F1F30209B00567DFA /* Sources */,
				3DCF77201F30209B00567DFA /* Frameworks */,
				3DCF77211F30209B00567DFA /* Resources */,
			);
			buildRules = (
			);
			dependencies = (
				3DCF77251F30209B00567DFA /* PBXTargetDependency */,
			);
			name = SwiftTestTests;
			productName = SwiftTestTests;
			productReference = 3DCF77231F30209B00567DFA /* SwiftTestTests.xctest */;
			productType = "com.apple.product-type.bundle.unit-test";
		};
		3DCF772D1F30209B00567DFA /* SwiftTestUITests */ = {
			isa = PBXNativeTarget;
			buildConfigurationList = 3DCF773D1F30209B00567DFA /* Build configuration list for PBXNativeTarget "SwiftTestUITests" */;
			buildPhases = (
				3DCF772A1F30209B00567DFA /* Sources */,
				3DCF772B1F30209B00567DFA /* Frameworks */,
				3DCF772C1F30209B00567DFA /* Resources */,
			);
			buildRules = (
			);
			dependencies = (
				3DCF77301F30209B00567DFA /* PBXTargetDependency */,
			);
			name = SwiftTestUITests;
			productName = SwiftTestUITests;
			productReference = 3DCF772E1F30209B00567DFA /* SwiftTestUITests.xctest */;
			productType = "com.apple.product-type.bundle.ui-testing";
		};
/* End PBXNativeTarget section */

/* Begin PBXProject section */
		3DCF77071F30209B00567DFA /* Project object */ = {
			isa = PBXProject;
			attributes = {
				LastSwiftUpdateCheck = 0830;
				LastUpgradeCheck = 0830;
				ORGANIZATIONNAME = "项小盆友";
				TargetAttributes = {
					3DCF770E1F30209B00567DFA = {
						CreatedOnToolsVersion = 8.3.3;
						ProvisioningStyle = Automatic;
						SystemCapabilities = {
							com.apple.BackgroundModes = {
								enabled = 1;
							};
						};
					};
					3DCF77221F30209B00567DFA = {
						CreatedOnToolsVersion = 8.3.3;
						ProvisioningStyle = Automatic;
						TestTargetID = 3DCF770E1F30209B00567DFA;
					};
					3DCF772D1F30209B00567DFA = {
						CreatedOnToolsVersion = 8.3.3;
						ProvisioningStyle = Automatic;
						TestTargetID = 3DCF770E1F30209B00567DFA;
					};
				};
			};
			buildConfigurationList = 3DCF770A1F30209B00567DFA /* Build configuration list for PBXProject "SwiftTest" */;
			compatibilityVersion = "Xcode 3.2";
			developmentRegion = English;
			hasScannedForEncodings = 0;
			knownRegions = (
				en,
				Base,
			);
			mainGroup = 3DCF77061F30209B00567DFA;
			productRefGroup = 3DCF77101F30209B00567DFA /* Products */;
			projectDirPath = "";
			projectRoot = "";
			targets = (
				3DCF770E1F30209B00567DFA /* SwiftTest */,
				3DCF77221F30209B00567DFA /* SwiftTestTests */,
				3DCF772D1F30209B00567DFA /* SwiftTestUITests */,
			);
		};
/* End PBXProject section */

/* Begin PBXResourcesBuildPhase section */
		3DCF770D1F30209B00567DFA /* Resources */ = {
			isa = PBXResourcesBuildPhase;
			buildActionMask = 2147483647;
			files = (
				3DCF771D1F30209B00567DFA /* LaunchScreen.storyboard in Resources */,
				3DCF771A1F30209B00567DFA /* Assets.xcassets in Resources */,
				3DCF77181F30209B00567DFA /* Main.storyboard in Resources */,
			);
			runOnlyForDeploymentPostprocessing = 0;
		};
		3DCF77211F30209B00567DFA /* Resources */ = {
			isa = PBXResourcesBuildPhase;
			buildActionMask = 2147483647;
			files = (
			);
			runOnlyForDeploymentPostprocessing = 0;
		};
		3DCF772C1F30209B00567DFA /* Resources */ = {
			isa = PBXResourcesBuildPhase;
			buildActionMask = 2147483647;
			files = (
			);
			runOnlyForDeploymentPostprocessing = 0;
		};
/* End PBXResourcesBuildPhase section */

/* Begin PBXSourcesBuildPhase section */
		3DCF770B1F30209B00567DFA /* Sources */ = {
			isa = PBXSourcesBuildPhase;
			buildActionMask = 2147483647;
			files = (
				3DCF77151F30209B00567DFA /* ViewController.swift in Sources */,
				3DCF77411F30218A00567DFA /* XLTestObject.swift in Sources */,
				3DCF77131F30209B00567DFA /* AppDelegate.swift in Sources */,
			);
			runOnlyForDeploymentPostprocessing = 0;
		};
		3DCF771F1F30209B00567DFA /* Sources */ = {
			isa = PBXSourcesBuildPhase;
			buildActionMask = 2147483647;
			files = (
				3DCF77281F30209B00567DFA /* SwiftTestTests.swift in Sources */,
			);
			runOnlyForDeploymentPostprocessing = 0;
		};
		3DCF772A1F30209B00567DFA /* Sources */ = {
			isa = PBXSourcesBuildPhase;
			buildActionMask = 2147483647;
			files = (
				3DCF77331F30209B00567DFA /* SwiftTestUITests.swift in Sources */,
			);
			runOnlyForDeploymentPostprocessing = 0;
		};
/* End PBXSourcesBuildPhase section */

/* Begin PBXTargetDependency section */
		3DCF77251F30209B00567DFA /* PBXTargetDependency */ = {
			isa = PBXTargetDependency;
			target = 3DCF770E1F30209B00567DFA /* SwiftTest */;
			targetProxy = 3DCF77241F30209B00567DFA /* PBXContainerItemProxy */;
		};
		3DCF77301F30209B00567DFA /* PBXTargetDependency */ = {
			isa = PBXTargetDependency;
			target = 3DCF770E1F30209B00567DFA /* SwiftTest */;
			targetProxy = 3DCF772F1F30209B00567DFA /* PBXContainerItemProxy */;
		};
/* End PBXTargetDependency section */

/* Begin PBXVariantGroup section */
		3DCF77161F30209B00567DFA /* Main.storyboard */ = {
			isa = PBXVariantGroup;
			children = (
				3DCF77171F30209B00567DFA /* Base */,
			);
			name = Main.storyboard;
			sourceTree = "<group>";
		};
		3DCF771B1F30209B00567DFA /* LaunchScreen.storyboard */ = {
			isa = PBXVariantGroup;
			children = (
				3DCF771C1F30209B00567DFA /* Base */,
			);
			name = LaunchScreen.storyboard;
			sourceTree = "<group>";
		};
/* End PBXVariantGroup section */

/* Begin XCBuildConfiguration section */
		3DCF77351F30209B00567DFA /* Debug */ = {
			isa = XCBuildConfiguration;
			buildSettings = {
				ALWAYS_SEARCH_USER_PATHS = NO;
				CLANG_ANALYZER_NONNULL = YES;
				CLANG_ANALYZER_NUMBER_OBJECT_CONVERSION = YES_AGGRESSIVE;
				CLANG_CXX_LANGUAGE_STANDARD = "gnu++0x";
				CLANG_CXX_LIBRARY = "libc++";
				CLANG_ENABLE_MODULES = YES;
				CLANG_ENABLE_OBJC_ARC = YES;
				CLANG_WARN_BOOL_CONVERSION = YES;
				CLANG_WARN_CONSTANT_CONVERSION = YES;
				CLANG_WARN_DIRECT_OBJC_ISA_USAGE = YES_ERROR;
				CLANG_WARN_DOCUMENTATION_COMMENTS = YES;
				CLANG_WARN_EMPTY_BODY = YES;
				CLANG_WARN_ENUM_CONVERSION = YES;
				CLANG_WARN_INFINITE_RECURSION = YES;
				CLANG_WARN_INT_CONVERSION = YES;
				CLANG_WARN_OBJC_ROOT_CLASS = YES_ERROR;
				CLANG_WARN_SUSPICIOUS_MOVE = YES;
				CLANG_WARN_UNREACHABLE_CODE = YES;
				CLANG_WARN__DUPLICATE_METHOD_MATCH = YES;
				"CODE_SIGN_IDENTITY[sdk=iphoneos*]" = "iPhone Developer";
				COPY_PHASE_STRIP = NO;
				DEBUG_INFORMATION_FORMAT = dwarf;
				ENABLE_STRICT_OBJC_MSGSEND = YES;
				ENABLE_TESTABILITY = YES;
				GCC_C_LANGUAGE_STANDARD = gnu99;
				GCC_DYNAMIC_NO_PIC = NO;
				GCC_NO_COMMON_BLOCKS = YES;
				GCC_OPTIMIZATION_LEVEL = 0;
				GCC_PREPROCESSOR_DEFINITIONS = (
					"DEBUG=1",
					"$(inherited)",
				);
				GCC_WARN_64_TO_32_BIT_CONVERSION = YES;
				GCC_WARN_ABOUT_RETURN_TYPE = YES_ERROR;
				GCC_WARN_UNDECLARED_SELECTOR = YES;
				GCC_WARN_UNINITIALIZED_AUTOS = YES_AGGRESSIVE;
				GCC_WARN_UNUSED_FUNCTION = YES;
				GCC_WARN_UNUSED_VARIABLE = YES;
				IPHONEOS_DEPLOYMENT_TARGET = 10.3;
				MTL_ENABLE_DEBUG_INFO = YES;
				ONLY_ACTIVE_ARCH = YES;
				SDKROOT = iphoneos;
				SWIFT_ACTIVE_COMPILATION_CONDITIONS = DEBUG;
				SWIFT_OPTIMIZATION_LEVEL = "-Onone";
				TARGETED_DEVICE_FAMILY = "1,2";
			};
			name = Debug;
		};
		3DCF77361F30209B00567DFA /* Release */ = {
			isa = XCBuildConfiguration;
			buildSettings = {
				ALWAYS_SEARCH_USER_PATHS = NO;
				CLANG_ANALYZER_NONNULL = YES;
				CLANG_ANALYZER_NUMBER_OBJECT_CONVERSION = YES_AGGRESSIVE;
				CLANG_CXX_LANGUAGE_STANDARD = "gnu++0x";
				CLANG_CXX_LIBRARY = "libc++";
				CLANG_ENABLE_MODULES = YES;
				CLANG_ENABLE_OBJC_ARC = YES;
				CLANG_WARN_BOOL_CONVERSION = YES;
				CLANG_WARN_CONSTANT_CONVERSION = YES;
				CLANG_WARN_DIRECT_OBJC_ISA_USAGE = YES_ERROR;
				CLANG_WARN_DOCUMENTATION_COMMENTS = YES;
				CLANG_WARN_EMPTY_BODY = YES;
				CLANG_WARN_ENUM_CONVERSION = YES;
				CLANG_WARN_INFINITE_RECURSION = YES;
				CLANG_WARN_INT_CONVERSION = YES;
				CLANG_WARN_OBJC_ROOT_CLASS = YES_ERROR;
				CLANG_WARN_SUSPICIOUS_MOVE = YES;
				CLANG_WARN_UNREACHABLE_CODE = YES;
				CLANG_WARN__DUPLICATE_METHOD_MATCH = YES;
				"CODE_SIGN_IDENTITY[sdk=iphoneos*]" = "iPhone Developer";
				COPY_PHASE_STRIP = NO;
				DEBUG_INFORMATION_FORMAT = "dwarf-with-dsym";
				ENABLE_NS_ASSERTIONS = NO;
				ENABLE_STRICT_OBJC_MSGSEND = YES;
				GCC_C_LANGUAGE_STANDARD = gnu99;
				GCC_NO_COMMON_BLOCKS = YES;
				GCC_WARN_64_TO_32_BIT_CONVERSION = YES;
				GCC_WARN_ABOUT_RETURN_TYPE = YES_ERROR;
				GCC_WARN_UNDECLARED_SELECTOR = YES;
				GCC_WARN_UNINITIALIZED_AUTOS = YES_AGGRESSIVE;
				GCC_WARN_UNUSED_FUNCTION = YES;
				GCC_WARN_UNUSED_VARIABLE = YES;
				IPHONEOS_DEPLOYMENT_TARGET = 10.3;
				MTL_ENABLE_DEBUG_INFO = NO;
				SDKROOT = iphoneos;
				SWIFT_OPTIMIZATION_LEVEL = "-Owholemodule";
				TARGETED_DEVICE_FAMILY = "1,2";
				VALIDATE_PRODUCT = YES;
			};
			name = Release;
		};
		3DCF77381F30209B00567DFA /* Debug */ = {
			isa = XCBuildConfiguration;
			buildSettings = {
				ASSETCATALOG_COMPILER_APPICON_NAME = AppIcon;
				INFOPLIST_FILE = SwiftTest/Info.plist;
				LD_RUNPATH_SEARCH_PATHS = "$(inherited) @executable_path/Frameworks";
				PRODUCT_BUNDLE_IDENTIFIER = com.xlp.SwiftTest;
				PRODUCT_NAME = "$(TARGET_NAME)";
				SWIFT_VERSION = 3.0;
			};
			name = Debug;
		};
		3DCF77391F30209B00567DFA /* Release */ = {
			isa = XCBuildConfiguration;
			buildSettings = {
				ASSETCATALOG_COMPILER_APPICON_NAME = AppIcon;
				INFOPLIST_FILE = SwiftTest/Info.plist;
				LD_RUNPATH_SEARCH_PATHS = "$(inherited) @executable_path/Frameworks";
				PRODUCT_BUNDLE_IDENTIFIER = com.xlp.SwiftTest;
				PRODUCT_NAME = "$(TARGET_NAME)";
				SWIFT_VERSION = 3.0;
			};
			name = Release;
		};
		3DCF773B1F30209B00567DFA /* Debug */ = {
			isa = XCBuildConfiguration;
			buildSettings = {
				ALWAYS_EMBED_SWIFT_STANDARD_LIBRARIES = YES;
				BUNDLE_LOADER = "$(TEST_HOST)";
				INFOPLIST_FILE = SwiftTestTests/Info.plist;
				LD_RUNPATH_SEARCH_PATHS = "$(inherited) @executable_path/Frameworks @loader_path/Frameworks";
				PRODUCT_BUNDLE_IDENTIFIER = com.xlp.SwiftTestTests;
				PRODUCT_NAME = "$(TARGET_NAME)";
				SWIFT_VERSION = 3.0;
				TEST_HOST = "$(BUILT_PRODUCTS_DIR)/SwiftTest.app/SwiftTest";
			};
			name = Debug;
		};
		3DCF773C1F30209B00567DFA /* Release */ = {
			isa = XCBuildConfiguration;
			buildSettings = {
				ALWAYS_EMBED_SWIFT_STANDARD_LIBRARIES = YES;
				BUNDLE_LOADER = "$(TEST_HOST)";
				INFOPLIST_FILE = SwiftTestTests/Info.plist;
				LD_RUNPATH_SEARCH_PATHS = "$(inherited) @executable_path/Frameworks @loader_path/Frameworks";
				PRODUCT_BUNDLE_IDENTIFIER = com.xlp.SwiftTestTests;
				PRODUCT_NAME = "$(TARGET_NAME)";
				SWIFT_VERSION = 3.0;
				TEST_HOST = "$(BUILT_PRODUCTS_DIR)/SwiftTest.app/SwiftTest";
			};
			name = Release;
		};
		3DCF773E1F30209B00567DFA /* Debug */ = {
			isa = XCBuildConfiguration;
			buildSettings = {
				ALWAYS_EMBED_SWIFT_STANDARD_LIBRARIES = YES;
				INFOPLIST_FILE = SwiftTestUITests/Info.plist;
				LD_RUNPATH_SEARCH_PATHS = "$(inherited) @executable_path/Frameworks @loader_path/Frameworks";
				PRODUCT_BUNDLE_IDENTIFIER = com.xlp.SwiftTestUITests;
				PRODUCT_NAME = "$(TARGET_NAME)";
				SWIFT_VERSION = 3.0;
				TEST_TARGET_NAME = SwiftTest;
			};
			name = Debug;
		};
		3DCF773F1F30209B00567DFA /* Release */ = {
			isa = XCBuildConfiguration;
			buildSettings = {
				ALWAYS_EMBED_SWIFT_STANDARD_LIBRARIES = YES;
				INFOPLIST_FILE = SwiftTestUITests/Info.plist;
				LD_RUNPATH_SEARCH_PATHS = "$(inherited) @executable_path/Frameworks @loader_path/Frameworks";
				PRODUCT_BUNDLE_IDENTIFIER = com.xlp.SwiftTestUITests;
				PRODUCT_NAME = "$(TARGET_NAME)";
				SWIFT_VERSION = 3.0;
				TEST_TARGET_NAME = SwiftTest;
			};
			name = Release;
		};
/* End XCBuildConfiguration section */

/* Begin XCConfigurationList section */
		3DCF770A1F30209B00567DFA /* Build configuration list for PBXProject "SwiftTest" */ = {
			isa = XCConfigurationList;
			buildConfigurations = (
				3DCF77351F30209B00567DFA /* Debug */,
				3DCF77361F30209B00567DFA /* Release */,
			);
			defaultConfigurationIsVisible = 0;
			defaultConfigurationName = Release;
		};
		3DCF77371F30209B00567DFA /* Build configuration list for PBXNativeTarget "SwiftTest" */ = {
			isa = XCConfigurationList;
			buildConfigurations = (
				3DCF77381F30209B00567DFA /* Debug */,
				3DCF77391F30209B00567DFA /* Release */,
			);
			defaultConfigurationIsVisible = 0;
			defaultConfigurationName = Release;
		};
		3DCF773A1F30209B00567DFA /* Build configuration list for PBXNativeTarget "SwiftTestTests" */ = {
			isa = XCConfigurationList;
			buildConfigurations = (
				3DCF773B1F30209B00567DFA /* Debug */,
				3DCF773C1F30209B00567DFA /* Release */,
			);
			defaultConfigurationIsVisible = 0;
			defaultConfigurationName = Release;
		};
		3DCF773D1F30209B00567DFA /* Build configuration list for PBXNativeTarget "SwiftTestUITests" */ = {
			isa = XCConfigurationList;
			buildConfigurations = (
				3DCF773E1F30209B00567DFA /* Debug */,
				3DCF773F1F30209B00567DFA /* Release */,
			);
			defaultConfigurationIsVisible = 0;
			defaultConfigurationName = Release;
		};
/* End XCConfigurationList section */
	};
	rootObject = 3DCF77071F30209B00567DFA /* Project object */;
}
