// !$*UTF8*$!
{
	archiveVersion = 1;
	classes = {
	};
	objectVersion = 46;
	objects = {

/* Begin PBXBuildFile section */
		3D4FC1CE1EA0629C00E9CE5E /* main.m in Sources */ = {isa = PBXBuildFile; fileRef = 3D4FC1CD1EA0629C00E9CE5E /* main.m */; };
		3D4FC1D11EA0629C00E9CE5E /* AppDelegate.m in Sources */ = {isa = PBXBuildFile; fileRef = 3D4FC1D01EA0629C00E9CE5E /* AppDelegate.m */; };
		3D4FC1D41EA0629C00E9CE5E /* ViewController.m in Sources */ = {isa = PBXBuildFile; fileRef = 3D4FC1D31EA0629C00E9CE5E /* ViewController.m */; };
		3D4FC1D71EA0629C00E9CE5E /* Main.storyboard in Resources */ = {isa = PBXBuildFile; fileRef = 3D4FC1D51EA0629C00E9CE5E /* Main.storyboard */; };
		3D4FC1D91EA0629C00E9CE5E /* Assets.xcassets in Resources */ = {isa = PBXBuildFile; fileRef = 3D4FC1D81EA0629C00E9CE5E /* Assets.xcassets */; };
		3D4FC1DC1EA0629C00E9CE5E /* LaunchScreen.storyboard in Resources */ = {isa = PBXBuildFile; fileRef = 3D4FC1DA1EA0629C00E9CE5E /* LaunchScreen.storyboard */; };
		3D4FC1E71EA0629C00E9CE5E /* VRRoomTests.m in Sources */ = {isa = PBXBuildFile; fileRef = 3D4FC1E61EA0629C00E9CE5E /* VRRoomTests.m */; };
		3D4FC1F21EA0629C00E9CE5E /* VRRoomUITests.m in Sources */ = {isa = PBXBuildFile; fileRef = 3D4FC1F11EA0629C00E9CE5E /* VRRoomUITests.m */; };
/* End PBXBuildFile section */

/* Begin PBXContainerItemProxy section */
		3D4FC1E31EA0629C00E9CE5E /* PBXContainerItemProxy */ = {
			isa = PBXContainerItemProxy;
			containerPortal = 3D4FC1C11EA0629C00E9CE5E /* Project object */;
			proxyType = 1;
			remoteGlobalIDString = 3D4FC1C81EA0629C00E9CE5E;
			remoteInfo = VRRoom;
		};
		3D4FC1EE1EA0629C00E9CE5E /* PBXContainerItemProxy */ = {
			isa = PBXContainerItemProxy;
			containerPortal = 3D4FC1C11EA0629C00E9CE5E /* Project object */;
			proxyType = 1;
			remoteGlobalIDString = 3D4FC1C81EA0629C00E9CE5E;
			remoteInfo = VRRoom;
		};
/* End PBXContainerItemProxy section */

/* Begin PBXFileReference section */
		3D4FC1C91EA0629C00E9CE5E /* VRRoom.app */ = {isa = PBXFileReference; explicitFileType = wrapper.application; includeInIndex = 0; path = VRRoom.app; sourceTree = BUILT_PRODUCTS_DIR; };
		3D4FC1CD1EA0629C00E9CE5E /* main.m */ = {isa = PBXFileReference; lastKnownFileType = sourcecode.c.objc; path = main.m; sourceTree = "<group>"; };
		3D4FC1CF1EA0629C00E9CE5E /* AppDelegate.h */ = {isa = PBXFileReference; lastKnownFileType = sourcecode.c.h; path = AppDelegate.h; sourceTree = "<group>"; };
		3D4FC1D01EA0629C00E9CE5E /* AppDelegate.m */ = {isa = PBXFileReference; lastKnownFileType = sourcecode.c.objc; path = AppDelegate.m; sourceTree = "<group>"; };
		3D4FC1D21EA0629C00E9CE5E /* ViewController.h */ = {isa = PBXFileReference; lastKnownFileType = sourcecode.c.h; path = ViewController.h; sourceTree = "<group>"; };
		3D4FC1D31EA0629C00E9CE5E /* ViewController.m */ = {isa = PBXFileReference; lastKnownFileType = sourcecode.c.objc; path = ViewController.m; sourceTree = "<group>"; };
		3D4FC1D61EA0629C00E9CE5E /* Base */ = {isa = PBXFileReference; lastKnownFileType = file.storyboard; name = Base; path = Base.lproj/Main.storyboard; sourceTree = "<group>"; };
		3D4FC1D81EA0629C00E9CE5E /* Assets.xcassets */ = {isa = PBXFileReference; lastKnownFileType = folder.assetcatalog; path = Assets.xcassets; sourceTree = "<group>"; };
		3D4FC1DB1EA0629C00E9CE5E /* Base */ = {isa = PBXFileReference; lastKnownFileType = file.storyboard; name = Base; path = Base.lproj/LaunchScreen.storyboard; sourceTree = "<group>"; };
		3D4FC1DD1EA0629C00E9CE5E /* Info.plist */ = {isa = PBXFileReference; lastKnownFileType = text.plist.xml; path = Info.plist; sourceTree = "<group>"; };
		3D4FC1E21EA0629C00E9CE5E /* VRRoomTests.xctest */ = {isa = PBXFileReference; explicitFileType = wrapper.cfbundle; includeInIndex = 0; path = VRRoomTests.xctest; sourceTree = BUILT_PRODUCTS_DIR; };
		3D4FC1E61EA0629C00E9CE5E /* VRRoomTests.m */ = {isa = PBXFileReference; lastKnownFileType = sourcecode.c.objc; path = VRRoomTests.m; sourceTree = "<group>"; };
		3D4FC1E81EA0629C00E9CE5E /* Info.plist */ = {isa = PBXFileReference; lastKnownFileType = text.plist.xml; path = Info.plist; sourceTree = "<group>"; };
		3D4FC1ED1EA0629C00E9CE5E /* VRRoomUITests.xctest */ = {isa = PBXFileReference; explicitFileType = wrapper.cfbundle; includeInIndex = 0; path = VRRoomUITests.xctest; sourceTree = BUILT_PRODUCTS_DIR; };
		3D4FC1F11EA0629C00E9CE5E /* VRRoomUITests.m */ = {isa = PBXFileReference; lastKnownFileType = sourcecode.c.objc; path = VRRoomUITests.m; sourceTree = "<group>"; };
		3D4FC1F31EA0629C00E9CE5E /* Info.plist */ = {isa = PBXFileReference; lastKnownFileType = text.plist.xml; path = Info.plist; sourceTree = "<group>"; };
/* End PBXFileReference section */

/* Begin PBXFrameworksBuildPhase section */
		3D4FC1C61EA0629C00E9CE5E /* Frameworks */ = {
			isa = PBXFrameworksBuildPhase;
			buildActionMask = 2147483647;
			files = (
			);
			runOnlyForDeploymentPostprocessing = 0;
		};
		3D4FC1DF1EA0629C00E9CE5E /* Frameworks */ = {
			isa = PBXFrameworksBuildPhase;
			buildActionMask = 2147483647;
			files = (
			);
			runOnlyForDeploymentPostprocessing = 0;
		};
		3D4FC1EA1EA0629C00E9CE5E /* Frameworks */ = {
			isa = PBXFrameworksBuildPhase;
			buildActionMask = 2147483647;
			files = (
			);
			runOnlyForDeploymentPostprocessing = 0;
		};
/* End PBXFrameworksBuildPhase section */

/* Begin PBXGroup section */
		3D4FC1C01EA0629C00E9CE5E = {
			isa = PBXGroup;
			children = (
				3D4FC1CB1EA0629C00E9CE5E /* VRRoom */,
				3D4FC1E51EA0629C00E9CE5E /* VRRoomTests */,
				3D4FC1F01EA0629C00E9CE5E /* VRRoomUITests */,
				3D4FC1CA1EA0629C00E9CE5E /* Products */,
			);
			sourceTree = "<group>";
		};
		3D4FC1CA1EA0629C00E9CE5E /* Products */ = {
			isa = PBXGroup;
			children = (
				3D4FC1C91EA0629C00E9CE5E /* VRRoom.app */,
				3D4FC1E21EA0629C00E9CE5E /* VRRoomTests.xctest */,
				3D4FC1ED1EA0629C00E9CE5E /* VRRoomUITests.xctest */,
			);
			name = Products;
			sourceTree = "<group>";
		};
		3D4FC1CB1EA0629C00E9CE5E /* VRRoom */ = {
			isa = PBXGroup;
			children = (
				3D4FC1CF1EA0629C00E9CE5E /* AppDelegate.h */,
				3D4FC1D01EA0629C00E9CE5E /* AppDelegate.m */,
				3D4FC1D21EA0629C00E9CE5E /* ViewController.h */,
				3D4FC1D31EA0629C00E9CE5E /* ViewController.m */,
				3D4FC1D51EA0629C00E9CE5E /* Main.storyboard */,
				3D4FC1D81EA0629C00E9CE5E /* Assets.xcassets */,
				3D4FC1DA1EA0629C00E9CE5E /* LaunchScreen.storyboard */,
				3D4FC1DD1EA0629C00E9CE5E /* Info.plist */,
				3D4FC1CC1EA0629C00E9CE5E /* Supporting Files */,
			);
			path = VRRoom;
			sourceTree = "<group>";
		};
		3D4FC1CC1EA0629C00E9CE5E /* Supporting Files */ = {
			isa = PBXGroup;
			children = (
				3D4FC1CD1EA0629C00E9CE5E /* main.m */,
			);
			name = "Supporting Files";
			sourceTree = "<group>";
		};
		3D4FC1E51EA0629C00E9CE5E /* VRRoomTests */ = {
			isa = PBXGroup;
			children = (
				3D4FC1E61EA0629C00E9CE5E /* VRRoomTests.m */,
				3D4FC1E81EA0629C00E9CE5E /* Info.plist */,
			);
			path = VRRoomTests;
			sourceTree = "<group>";
		};
		3D4FC1F01EA0629C00E9CE5E /* VRRoomUITests */ = {
			isa = PBXGroup;
			children = (
				3D4FC1F11EA0629C00E9CE5E /* VRRoomUITests.m */,
				3D4FC1F31EA0629C00E9CE5E /* Info.plist */,
			);
			path = VRRoomUITests;
			sourceTree = "<group>";
		};
/* End PBXGroup section */

/* Begin PBXNativeTarget section */
		3D4FC1C81EA0629C00E9CE5E /* VRRoom */ = {
			isa = PBXNativeTarget;
			buildConfigurationList = 3D4FC1F61EA0629C00E9CE5E /* Build configuration list for PBXNativeTarget "VRRoom" */;
			buildPhases = (
				3D4FC1C51EA0629C00E9CE5E /* Sources */,
				3D4FC1C61EA0629C00E9CE5E /* Frameworks */,
				3D4FC1C71EA0629C00E9CE5E /* Resources */,
			);
			buildRules = (
			);
			dependencies = (
			);
			name = VRRoom;
			productName = VRRoom;
			productReference = 3D4FC1C91EA0629C00E9CE5E /* VRRoom.app */;
			productType = "com.apple.product-type.application";
		};
		3D4FC1E11EA0629C00E9CE5E /* VRRoomTests */ = {
			isa = PBXNativeTarget;
			buildConfigurationList = 3D4FC1F91EA0629C00E9CE5E /* Build configuration list for PBXNativeTarget "VRRoomTests" */;
			buildPhases = (
				3D4FC1DE1EA0629C00E9CE5E /* Sources */,
				3D4FC1DF1EA0629C00E9CE5E /* Frameworks */,
				3D4FC1E01EA0629C00E9CE5E /* Resources */,
			);
			buildRules = (
			);
			dependencies = (
				3D4FC1E41EA0629C00E9CE5E /* PBXTargetDependency */,
			);
			name = VRRoomTests;
			productName = VRRoomTests;
			productReference = 3D4FC1E21EA0629C00E9CE5E /* VRRoomTests.xctest */;
			productType = "com.apple.product-type.bundle.unit-test";
		};
		3D4FC1EC1EA0629C00E9CE5E /* VRRoomUITests */ = {
			isa = PBXNativeTarget;
			buildConfigurationList = 3D4FC1FC1EA0629C00E9CE5E /* Build configuration list for PBXNativeTarget "VRRoomUITests" */;
			buildPhases = (
				3D4FC1E91EA0629C00E9CE5E /* Sources */,
				3D4FC1EA1EA0629C00E9CE5E /* Frameworks */,
				3D4FC1EB1EA0629C00E9CE5E /* Resources */,
			);
			buildRules = (
			);
			dependencies = (
				3D4FC1EF1EA0629C00E9CE5E /* PBXTargetDependency */,
			);
			name = VRRoomUITests;
			productName = VRRoomUITests;
			productReference = 3D4FC1ED1EA0629C00E9CE5E /* VRRoomUITests.xctest */;
			productType = "com.apple.product-type.bundle.ui-testing";
		};
/* End PBXNativeTarget section */

/* Begin PBXProject section */
		3D4FC1C11EA0629C00E9CE5E /* Project object */ = {
			isa = PBXProject;
			attributes = {
				LastUpgradeCheck = 0830;
				ORGANIZATIONNAME = InHeart;
				TargetAttributes = {
					3D4FC1C81EA0629C00E9CE5E = {
						CreatedOnToolsVersion = 8.3.1;
						ProvisioningStyle = Automatic;
					};
					3D4FC1E11EA0629C00E9CE5E = {
						CreatedOnToolsVersion = 8.3.1;
						ProvisioningStyle = Automatic;
						TestTargetID = 3D4FC1C81EA0629C00E9CE5E;
					};
					3D4FC1EC1EA0629C00E9CE5E = {
						CreatedOnToolsVersion = 8.3.1;
						ProvisioningStyle = Automatic;
						TestTargetID = 3D4FC1C81EA0629C00E9CE5E;
					};
				};
			};
			buildConfigurationList = 3D4FC1C41EA0629C00E9CE5E /* Build configuration list for PBXProject "VRRoom" */;
			compatibilityVersion = "Xcode 3.2";
			developmentRegion = English;
			hasScannedForEncodings = 0;
			knownRegions = (
				en,
				Base,
			);
			mainGroup = 3D4FC1C01EA0629C00E9CE5E;
			productRefGroup = 3D4FC1CA1EA0629C00E9CE5E /* Products */;
			projectDirPath = "";
			projectRoot = "";
			targets = (
				3D4FC1C81EA0629C00E9CE5E /* VRRoom */,
				3D4FC1E11EA0629C00E9CE5E /* VRRoomTests */,
				3D4FC1EC1EA0629C00E9CE5E /* VRRoomUITests */,
			);
		};
/* End PBXProject section */

/* Begin PBXResourcesBuildPhase section */
		3D4FC1C71EA0629C00E9CE5E /* Resources */ = {
			isa = PBXResourcesBuildPhase;
			buildActionMask = 2147483647;
			files = (
				3D4FC1DC1EA0629C00E9CE5E /* LaunchScreen.storyboard in Resources */,
				3D4FC1D91EA0629C00E9CE5E /* Assets.xcassets in Resources */,
				3D4FC1D71EA0629C00E9CE5E /* Main.storyboard in Resources */,
			);
			runOnlyForDeploymentPostprocessing = 0;
		};
		3D4FC1E01EA0629C00E9CE5E /* Resources */ = {
			isa = PBXResourcesBuildPhase;
			buildActionMask = 2147483647;
			files = (
			);
			runOnlyForDeploymentPostprocessing = 0;
		};
		3D4FC1EB1EA0629C00E9CE5E /* Resources */ = {
			isa = PBXResourcesBuildPhase;
			buildActionMask = 2147483647;
			files = (
			);
			runOnlyForDeploymentPostprocessing = 0;
		};
/* End PBXResourcesBuildPhase section */

/* Begin PBXSourcesBuildPhase section */
		3D4FC1C51EA0629C00E9CE5E /* Sources */ = {
			isa = PBXSourcesBuildPhase;
			buildActionMask = 2147483647;
			files = (
				3D4FC1D41EA0629C00E9CE5E /* ViewController.m in Sources */,
				3D4FC1D11EA0629C00E9CE5E /* AppDelegate.m in Sources */,
				3D4FC1CE1EA0629C00E9CE5E /* main.m in Sources */,
			);
			runOnlyForDeploymentPostprocessing = 0;
		};
		3D4FC1DE1EA0629C00E9CE5E /* Sources */ = {
			isa = PBXSourcesBuildPhase;
			buildActionMask = 2147483647;
			files = (
				3D4FC1E71EA0629C00E9CE5E /* VRRoomTests.m in Sources */,
			);
			runOnlyForDeploymentPostprocessing = 0;
		};
		3D4FC1E91EA0629C00E9CE5E /* Sources */ = {
			isa = PBXSourcesBuildPhase;
			buildActionMask = 2147483647;
			files = (
				3D4FC1F21EA0629C00E9CE5E /* VRRoomUITests.m in Sources */,
			);
			runOnlyForDeploymentPostprocessing = 0;
		};
/* End PBXSourcesBuildPhase section */

/* Begin PBXTargetDependency section */
		3D4FC1E41EA0629C00E9CE5E /* PBXTargetDependency */ = {
			isa = PBXTargetDependency;
			target = 3D4FC1C81EA0629C00E9CE5E /* VRRoom */;
			targetProxy = 3D4FC1E31EA0629C00E9CE5E /* PBXContainerItemProxy */;
		};
		3D4FC1EF1EA0629C00E9CE5E /* PBXTargetDependency */ = {
			isa = PBXTargetDependency;
			target = 3D4FC1C81EA0629C00E9CE5E /* VRRoom */;
			targetProxy = 3D4FC1EE1EA0629C00E9CE5E /* PBXContainerItemProxy */;
		};
/* End PBXTargetDependency section */

/* Begin PBXVariantGroup section */
		3D4FC1D51EA0629C00E9CE5E /* Main.storyboard */ = {
			isa = PBXVariantGroup;
			children = (
				3D4FC1D61EA0629C00E9CE5E /* Base */,
			);
			name = Main.storyboard;
			sourceTree = "<group>";
		};
		3D4FC1DA1EA0629C00E9CE5E /* LaunchScreen.storyboard */ = {
			isa = PBXVariantGroup;
			children = (
				3D4FC1DB1EA0629C00E9CE5E /* Base */,
			);
			name = LaunchScreen.storyboard;
			sourceTree = "<group>";
		};
/* End PBXVariantGroup section */

/* Begin XCBuildConfiguration section */
		3D4FC1F41EA0629C00E9CE5E /* Debug */ = {
			isa = XCBuildConfiguration;
			buildSettings = {
				ALWAYS_SEARCH_USER_PATHS = NO;
				CLANG_ANALYZER_NONNULL = YES;
				CLANG_ANALYZER_NUMBER_OBJECT_CONVERSION = YES_AGGRESSIVE;
				CLANG_CXX_LANGUAGE_STANDARD = "gnu++0x";
				CLANG_CXX_LIBRARY = "libc++";
				CLANG_ENABLE_MODULES = YES;
				CLANG_ENABLE_OBJC_ARC = YES;
				CLANG_WARN_BOOL_CONVERSION = YES;
				CLANG_WARN_CONSTANT_CONVERSION = YES;
				CLANG_WARN_DIRECT_OBJC_ISA_USAGE = YES_ERROR;
				CLANG_WARN_DOCUMENTATION_COMMENTS = YES;
				CLANG_WARN_EMPTY_BODY = YES;
				CLANG_WARN_ENUM_CONVERSION = YES;
				CLANG_WARN_INFINITE_RECURSION = YES;
				CLANG_WARN_INT_CONVERSION = YES;
				CLANG_WARN_OBJC_ROOT_CLASS = YES_ERROR;
				CLANG_WARN_SUSPICIOUS_MOVE = YES;
				CLANG_WARN_UNREACHABLE_CODE = YES;
				CLANG_WARN__DUPLICATE_METHOD_MATCH = YES;
				"CODE_SIGN_IDENTITY[sdk=iphoneos*]" = "iPhone Developer";
				COPY_PHASE_STRIP = NO;
				DEBUG_INFORMATION_FORMAT = dwarf;
				ENABLE_STRICT_OBJC_MSGSEND = YES;
				ENABLE_TESTABILITY = YES;
				GCC_C_LANGUAGE_STANDARD = gnu99;
				GCC_DYNAMIC_NO_PIC = NO;
				GCC_NO_COMMON_BLOCKS = YES;
				GCC_OPTIMIZATION_LEVEL = 0;
				GCC_PREPROCESSOR_DEFINITIONS = (
					"DEBUG=1",
					"$(inherited)",
				);
				GCC_WARN_64_TO_32_BIT_CONVERSION = YES;
				GCC_WARN_ABOUT_RETURN_TYPE = YES_ERROR;
				GCC_WARN_UNDECLARED_SELECTOR = YES;
				GCC_WARN_UNINITIALIZED_AUTOS = YES_AGGRESSIVE;
				GCC_WARN_UNUSED_FUNCTION = YES;
				GCC_WARN_UNUSED_VARIABLE = YES;
				IPHONEOS_DEPLOYMENT_TARGET = 10.3;
				MTL_ENABLE_DEBUG_INFO = YES;
				ONLY_ACTIVE_ARCH = YES;
				SDKROOT = iphoneos;
				TARGETED_DEVICE_FAMILY = "1,2";
			};
			name = Debug;
		};
		3D4FC1F51EA0629C00E9CE5E /* Release */ = {
			isa = XCBuildConfiguration;
			buildSettings = {
				ALWAYS_SEARCH_USER_PATHS = NO;
				CLANG_ANALYZER_NONNULL = YES;
				CLANG_ANALYZER_NUMBER_OBJECT_CONVERSION = YES_AGGRESSIVE;
				CLANG_CXX_LANGUAGE_STANDARD = "gnu++0x";
				CLANG_CXX_LIBRARY = "libc++";
				CLANG_ENABLE_MODULES = YES;
				CLANG_ENABLE_OBJC_ARC = YES;
				CLANG_WARN_BOOL_CONVERSION = YES;
				CLANG_WARN_CONSTANT_CONVERSION = YES;
				CLANG_WARN_DIRECT_OBJC_ISA_USAGE = YES_ERROR;
				CLANG_WARN_DOCUMENTATION_COMMENTS = YES;
				CLANG_WARN_EMPTY_BODY = YES;
				CLANG_WARN_ENUM_CONVERSION = YES;
				CLANG_WARN_INFINITE_RECURSION = YES;
				CLANG_WARN_INT_CONVERSION = YES;
				CLANG_WARN_OBJC_ROOT_CLASS = YES_ERROR;
				CLANG_WARN_SUSPICIOUS_MOVE = YES;
				CLANG_WARN_UNREACHABLE_CODE = YES;
				CLANG_WARN__DUPLICATE_METHOD_MATCH = YES;
				"CODE_SIGN_IDENTITY[sdk=iphoneos*]" = "iPhone Developer";
				COPY_PHASE_STRIP = NO;
				DEBUG_INFORMATION_FORMAT = "dwarf-with-dsym";
				ENABLE_NS_ASSERTIONS = NO;
				ENABLE_STRICT_OBJC_MSGSEND = YES;
				GCC_C_LANGUAGE_STANDARD = gnu99;
				GCC_NO_COMMON_BLOCKS = YES;
				GCC_WARN_64_TO_32_BIT_CONVERSION = YES;
				GCC_WARN_ABOUT_RETURN_TYPE = YES_ERROR;
				GCC_WARN_UNDECLARED_SELECTOR = YES;
				GCC_WARN_UNINITIALIZED_AUTOS = YES_AGGRESSIVE;
				GCC_WARN_UNUSED_FUNCTION = YES;
				GCC_WARN_UNUSED_VARIABLE = YES;
				IPHONEOS_DEPLOYMENT_TARGET = 10.3;
				MTL_ENABLE_DEBUG_INFO = NO;
				SDKROOT = iphoneos;
				TARGETED_DEVICE_FAMILY = "1,2";
				VALIDATE_PRODUCT = YES;
			};
			name = Release;
		};
		3D4FC1F71EA0629C00E9CE5E /* Debug */ = {
			isa = XCBuildConfiguration;
			buildSettings = {
				ASSETCATALOG_COMPILER_APPICON_NAME = AppIcon;
				INFOPLIST_FILE = VRRoom/Info.plist;
				LD_RUNPATH_SEARCH_PATHS = "$(inherited) @executable_path/Frameworks";
				PRODUCT_BUNDLE_IDENTIFIER = InHeart.VRRoom;
				PRODUCT_NAME = "$(TARGET_NAME)";
			};
			name = Debug;
		};
		3D4FC1F81EA0629C00E9CE5E /* Release */ = {
			isa = XCBuildConfiguration;
			buildSettings = {
				ASSETCATALOG_COMPILER_APPICON_NAME = AppIcon;
				INFOPLIST_FILE = VRRoom/Info.plist;
				LD_RUNPATH_SEARCH_PATHS = "$(inherited) @executable_path/Frameworks";
				PRODUCT_BUNDLE_IDENTIFIER = InHeart.VRRoom;
				PRODUCT_NAME = "$(TARGET_NAME)";
			};
			name = Release;
		};
		3D4FC1FA1EA0629C00E9CE5E /* Debug */ = {
			isa = XCBuildConfiguration;
			buildSettings = {
				BUNDLE_LOADER = "$(TEST_HOST)";
				INFOPLIST_FILE = VRRoomTests/Info.plist;
				LD_RUNPATH_SEARCH_PATHS = "$(inherited) @executable_path/Frameworks @loader_path/Frameworks";
				PRODUCT_BUNDLE_IDENTIFIER = InHeart.VRRoomTests;
				PRODUCT_NAME = "$(TARGET_NAME)";
				TEST_HOST = "$(BUILT_PRODUCTS_DIR)/VRRoom.app/VRRoom";
			};
			name = Debug;
		};
		3D4FC1FB1EA0629C00E9CE5E /* Release */ = {
			isa = XCBuildConfiguration;
			buildSettings = {
				BUNDLE_LOADER = "$(TEST_HOST)";
				INFOPLIST_FILE = VRRoomTests/Info.plist;
				LD_RUNPATH_SEARCH_PATHS = "$(inherited) @executable_path/Frameworks @loader_path/Frameworks";
				PRODUCT_BUNDLE_IDENTIFIER = InHeart.VRRoomTests;
				PRODUCT_NAME = "$(TARGET_NAME)";
				TEST_HOST = "$(BUILT_PRODUCTS_DIR)/VRRoom.app/VRRoom";
			};
			name = Release;
		};
		3D4FC1FD1EA0629C00E9CE5E /* Debug */ = {
			isa = XCBuildConfiguration;
			buildSettings = {
				INFOPLIST_FILE = VRRoomUITests/Info.plist;
				LD_RUNPATH_SEARCH_PATHS = "$(inherited) @executable_path/Frameworks @loader_path/Frameworks";
				PRODUCT_BUNDLE_IDENTIFIER = InHeart.VRRoomUITests;
				PRODUCT_NAME = "$(TARGET_NAME)";
				TEST_TARGET_NAME = VRRoom;
			};
			name = Debug;
		};
		3D4FC1FE1EA0629C00E9CE5E /* Release */ = {
			isa = XCBuildConfiguration;
			buildSettings = {
				INFOPLIST_FILE = VRRoomUITests/Info.plist;
				LD_RUNPATH_SEARCH_PATHS = "$(inherited) @executable_path/Frameworks @loader_path/Frameworks";
				PRODUCT_BUNDLE_IDENTIFIER = InHeart.VRRoomUITests;
				PRODUCT_NAME = "$(TARGET_NAME)";
				TEST_TARGET_NAME = VRRoom;
			};
			name = Release;
		};
/* End XCBuildConfiguration section */

/* Begin XCConfigurationList section */
		3D4FC1C41EA0629C00E9CE5E /* Build configuration list for PBXProject "VRRoom" */ = {
			isa = XCConfigurationList;
			buildConfigurations = (
				3D4FC1F41EA0629C00E9CE5E /* Debug */,
				3D4FC1F51EA0629C00E9CE5E /* Release */,
			);
			defaultConfigurationIsVisible = 0;
			defaultConfigurationName = Release;
		};
		3D4FC1F61EA0629C00E9CE5E /* Build configuration list for PBXNativeTarget "VRRoom" */ = {
			isa = XCConfigurationList;
			buildConfigurations = (
				3D4FC1F71EA0629C00E9CE5E /* Debug */,
				3D4FC1F81EA0629C00E9CE5E /* Release */,
			);
			defaultConfigurationIsVisible = 0;
		};
		3D4FC1F91EA0629C00E9CE5E /* Build configuration list for PBXNativeTarget "VRRoomTests" */ = {
			isa = XCConfigurationList;
			buildConfigurations = (
				3D4FC1FA1EA0629C00E9CE5E /* Debug */,
				3D4FC1FB1EA0629C00E9CE5E /* Release */,
			);
			defaultConfigurationIsVisible = 0;
		};
		3D4FC1FC1EA0629C00E9CE5E /* Build configuration list for PBXNativeTarget "VRRoomUITests" */ = {
			isa = XCConfigurationList;
			buildConfigurations = (
				3D4FC1FD1EA0629C00E9CE5E /* Debug */,
				3D4FC1FE1EA0629C00E9CE5E /* Release */,
			);
			defaultConfigurationIsVisible = 0;
		};
/* End XCConfigurationList section */
	};
	rootObject = 3D4FC1C11EA0629C00E9CE5E /* Project object */;
}
